// !$*UTF8*$!
{
	archiveVersion = 1;
	classes = {
	};
	objectVersion = 50;
	objects = {

/* Begin PBXBuildFile section */
		01AEC0812073742500CD70DF /* Spiral.swift in Sources */ = {isa = PBXBuildFile; fileRef = 01AEC0802073742500CD70DF /* Spiral.swift */; };
		01E000F220724DDD00E44A62 /* AppDelegate.swift in Sources */ = {isa = PBXBuildFile; fileRef = 01E000F120724DDD00E44A62 /* AppDelegate.swift */; };
		01E000F420724DDD00E44A62 /* ViewController.swift in Sources */ = {isa = PBXBuildFile; fileRef = 01E000F320724DDD00E44A62 /* ViewController.swift */; };
		01E000F720724DDD00E44A62 /* Main.storyboard in Resources */ = {isa = PBXBuildFile; fileRef = 01E000F520724DDD00E44A62 /* Main.storyboard */; };
		01E000F920724DDE00E44A62 /* Assets.xcassets in Resources */ = {isa = PBXBuildFile; fileRef = 01E000F820724DDE00E44A62 /* Assets.xcassets */; };
		01E000FC20724DDE00E44A62 /* LaunchScreen.storyboard in Resources */ = {isa = PBXBuildFile; fileRef = 01E000FA20724DDE00E44A62 /* LaunchScreen.storyboard */; };
		01E001042072541D00E44A62 /* MyView.swift in Sources */ = {isa = PBXBuildFile; fileRef = 01E001032072541D00E44A62 /* MyView.swift */; };
/* End PBXBuildFile section */

/* Begin PBXFileReference section */
		01AEC0802073742500CD70DF /* Spiral.swift */ = {isa = PBXFileReference; lastKnownFileType = sourcecode.swift; path = Spiral.swift; sourceTree = "<group>"; };
		01E000EE20724DDD00E44A62 /* Cruve1.app */ = {isa = PBXFileReference; explicitFileType = wrapper.application; includeInIndex = 0; path = Cruve1.app; sourceTree = BUILT_PRODUCTS_DIR; };
		01E000F120724DDD00E44A62 /* AppDelegate.swift */ = {isa = PBXFileReference; lastKnownFileType = sourcecode.swift; path = AppDelegate.swift; sourceTree = "<group>"; };
		01E000F320724DDD00E44A62 /* ViewController.swift */ = {isa = PBXFileReference; lastKnownFileType = sourcecode.swift; path = ViewController.swift; sourceTree = "<group>"; };
		01E000F620724DDD00E44A62 /* Base */ = {isa = PBXFileReference; lastKnownFileType = file.storyboard; name = Base; path = Base.lproj/Main.storyboard; sourceTree = "<group>"; };
		01E000F820724DDE00E44A62 /* Assets.xcassets */ = {isa = PBXFileReference; lastKnownFileType = folder.assetcatalog; path = Assets.xcassets; sourceTree = "<group>"; };
		01E000FB20724DDE00E44A62 /* Base */ = {isa = PBXFileReference; lastKnownFileType = file.storyboard; name = Base; path = Base.lproj/LaunchScreen.storyboard; sourceTree = "<group>"; };
		01E000FD20724DDE00E44A62 /* Info.plist */ = {isa = PBXFileReference; lastKnownFileType = text.plist.xml; path = Info.plist; sourceTree = "<group>"; };
		01E001032072541D00E44A62 /* MyView.swift */ = {isa = PBXFileReference; lastKnownFileType = sourcecode.swift; path = MyView.swift; sourceTree = "<group>"; };
/* End PBXFileReference section */

/* Begin PBXFrameworksBuildPhase section */
		01E000EB20724DDD00E44A62 /* Frameworks */ = {
			isa = PBXFrameworksBuildPhase;
			buildActionMask = 2147483647;
			files = (
			);
			runOnlyForDeploymentPostprocessing = 0;
		};
/* End PBXFrameworksBuildPhase section */

/* Begin PBXGroup section */
		01E000E520724DDD00E44A62 = {
			isa = PBXGroup;
			children = (
				01E000F020724DDD00E44A62 /* Cruve1 */,
				01E000EF20724DDD00E44A62 /* Products */,
			);
			sourceTree = "<group>";
		};
		01E000EF20724DDD00E44A62 /* Products */ = {
			isa = PBXGroup;
			children = (
				01E000EE20724DDD00E44A62 /* Cruve1.app */,
			);
			name = Products;
			sourceTree = "<group>";
		};
		01E000F020724DDD00E44A62 /* Cruve1 */ = {
			isa = PBXGroup;
			children = (
				01E000F120724DDD00E44A62 /* AppDelegate.swift */,
				01E000F320724DDD00E44A62 /* ViewController.swift */,
				01AEC0802073742500CD70DF /* Spiral.swift */,
				01E001032072541D00E44A62 /* MyView.swift */,
				01E000F520724DDD00E44A62 /* Main.storyboard */,
				01E000F820724DDE00E44A62 /* Assets.xcassets */,
				01E000FA20724DDE00E44A62 /* LaunchScreen.storyboard */,
				01E000FD20724DDE00E44A62 /* Info.plist */,
			);
			path = Cruve1;
			sourceTree = "<group>";
		};
/* End PBXGroup section */

/* Begin PBXNativeTarget section */
		01E000ED20724DDD00E44A62 /* Cruve1 */ = {
			isa = PBXNativeTarget;
			buildConfigurationList = 01E0010020724DDE00E44A62 /* Build configuration list for PBXNativeTarget "Cruve1" */;
			buildPhases = (
				01E000EA20724DDD00E44A62 /* Sources */,
				01E000EB20724DDD00E44A62 /* Frameworks */,
				01E000EC20724DDD00E44A62 /* Resources */,
			);
			buildRules = (
			);
			dependencies = (
			);
			name = Cruve1;
			productName = Cruve1;
			productReference = 01E000EE20724DDD00E44A62 /* Cruve1.app */;
			productType = "com.apple.product-type.application";
		};
/* End PBXNativeTarget section */

/* Begin PBXProject section */
		01E000E620724DDD00E44A62 /* Project object */ = {
			isa = PBXProject;
			attributes = {
				LastSwiftUpdateCheck = 0930;
				LastUpgradeCheck = 0930;
				ORGANIZATIONNAME = DoLNw;
				TargetAttributes = {
					01E000ED20724DDD00E44A62 = {
						CreatedOnToolsVersion = 9.3;
					};
				};
			};
			buildConfigurationList = 01E000E920724DDD00E44A62 /* Build configuration list for PBXProject "Cruve1" */;
			compatibilityVersion = "Xcode 9.3";
			developmentRegion = en;
			hasScannedForEncodings = 0;
			knownRegions = (
				en,
				Base,
			);
			mainGroup = 01E000E520724DDD00E44A62;
			productRefGroup = 01E000EF20724DDD00E44A62 /* Products */;
			projectDirPath = "";
			projectRoot = "";
			targets = (
				01E000ED20724DDD00E44A62 /* Cruve1 */,
			);
		};
/* End PBXProject section */

/* Begin PBXResourcesBuildPhase section */
		01E000EC20724DDD00E44A62 /* Resources */ = {
			isa = PBXResourcesBuildPhase;
			buildActionMask = 2147483647;
			files = (
				01E000FC20724DDE00E44A62 /* LaunchScreen.storyboard in Resources */,
				01E000F920724DDE00E44A62 /* Assets.xcassets in Resources */,
				01E000F720724DDD00E44A62 /* Main.storyboard in Resources */,
			);
			runOnlyForDeploymentPostprocessing = 0;
		};
/* End PBXResourcesBuildPhase section */

/* Begin PBXSourcesBuildPhase section */
		01E000EA20724DDD00E44A62 /* Sources */ = {
			isa = PBXSourcesBuildPhase;
			buildActionMask = 2147483647;
			files = (
				01E001042072541D00E44A62 /* MyView.swift in Sources */,
				01E000F420724DDD00E44A62 /* ViewController.swift in Sources */,
				01AEC0812073742500CD70DF /* Spiral.swift in Sources */,
				01E000F220724DDD00E44A62 /* AppDelegate.swift in Sources */,
			);
			runOnlyForDeploymentPostprocessing = 0;
		};
/* End PBXSourcesBuildPhase section */

/* Begin PBXVariantGroup section */
		01E000F520724DDD00E44A62 /* Main.storyboard */ = {
			isa = PBXVariantGroup;
			children = (
				01E000F620724DDD00E44A62 /* Base */,
			);
			name = Main.storyboard;
			sourceTree = "<group>";
		};
		01E000FA20724DDE00E44A62 /* LaunchScreen.storyboard */ = {
			isa = PBXVariantGroup;
			children = (
				01E000FB20724DDE00E44A62 /* Base */,
			);
			name = LaunchScreen.storyboard;
			sourceTree = "<group>";
		};
/* End PBXVariantGroup section */

/* Begin XCBuildConfiguration section */
		01E000FE20724DDE00E44A62 /* Debug */ = {
			isa = XCBuildConfiguration;
			buildSettings = {
				ALWAYS_SEARCH_USER_PATHS = NO;
				CLANG_ANALYZER_NONNULL = YES;
				CLANG_ANALYZER_NUMBER_OBJECT_CONVERSION = YES_AGGRESSIVE;
				CLANG_CXX_LANGUAGE_STANDARD = "gnu++14";
				CLANG_CXX_LIBRARY = "libc++";
				CLANG_ENABLE_MODULES = YES;
				CLANG_ENABLE_OBJC_ARC = YES;
				CLANG_ENABLE_OBJC_WEAK = YES;
				CLANG_WARN_BLOCK_CAPTURE_AUTORELEASING = YES;
				CLANG_WARN_BOOL_CONVERSION = YES;
				CLANG_WARN_COMMA = YES;
				CLANG_WARN_CONSTANT_CONVERSION = YES;
				CLANG_WARN_DEPRECATED_OBJC_IMPLEMENTATIONS = YES;
				CLANG_WARN_DIRECT_OBJC_ISA_USAGE = YES_ERROR;
				CLANG_WARN_DOCUMENTATION_COMMENTS = YES;
				CLANG_WARN_EMPTY_BODY = YES;
				CLANG_WARN_ENUM_CONVERSION = YES;
				CLANG_WARN_INFINITE_RECURSION = YES;
				CLANG_WARN_INT_CONVERSION = YES;
				CLANG_WARN_NON_LITERAL_NULL_CONVERSION = YES;
				CLANG_WARN_OBJC_IMPLICIT_RETAIN_SELF = YES;
				CLANG_WARN_OBJC_LITERAL_CONVERSION = YES;
				CLANG_WARN_OBJC_ROOT_CLASS = YES_ERROR;
				CLANG_WARN_RANGE_LOOP_ANALYSIS = YES;
				CLANG_WARN_STRICT_PROTOTYPES = YES;
				CLANG_WARN_SUSPICIOUS_MOVE = YES;
				CLANG_WARN_UNGUARDED_AVAILABILITY = YES_AGGRESSIVE;
				CLANG_WARN_UNREACHABLE_CODE = YES;
				CLANG_WARN__DUPLICATE_METHOD_MATCH = YES;
				CODE_SIGN_IDENTITY = "iPhone Developer";
				COPY_PHASE_STRIP = NO;
				DEBUG_INFORMATION_FORMAT = dwarf;
				ENABLE_STRICT_OBJC_MSGSEND = YES;
				ENABLE_TESTABILITY = YES;
				GCC_C_LANGUAGE_STANDARD = gnu11;
				GCC_DYNAMIC_NO_PIC = NO;
				GCC_NO_COMMON_BLOCKS = YES;
				GCC_OPTIMIZATION_LEVEL = 0;
				GCC_PREPROCESSOR_DEFINITIONS = (
					"DEBUG=1",
					"$(inherited)",
				);
				GCC_WARN_64_TO_32_BIT_CONVERSION = YES;
				GCC_WARN_ABOUT_RETURN_TYPE = YES_ERROR;
				GCC_WARN_UNDECLARED_SELECTOR = YES;
				GCC_WARN_UNINITIALIZED_AUTOS = YES_AGGRESSIVE;
				GCC_WARN_UNUSED_FUNCTION = YES;
				GCC_WARN_UNUSED_VARIABLE = YES;
				IPHONEOS_DEPLOYMENT_TARGET = 11.3;
				MTL_ENABLE_DEBUG_INFO = YES;
				ONLY_ACTIVE_ARCH = YES;
				SDKROOT = iphoneos;
				SWIFT_ACTIVE_COMPILATION_CONDITIONS = DEBUG;
				SWIFT_OPTIMIZATION_LEVEL = "-Onone";
			};
			name = Debug;
		};
		01E000FF20724DDE00E44A62 /* Release */ = {
			isa = XCBuildConfiguration;
			buildSettings = {
				ALWAYS_SEARCH_USER_PATHS = NO;
				CLANG_ANALYZER_NONNULL = YES;
				CLANG_ANALYZER_NUMBER_OBJECT_CONVERSION = YES_AGGRESSIVE;
				CLANG_CXX_LANGUAGE_STANDARD = "gnu++14";
				CLANG_CXX_LIBRARY = "libc++";
				CLANG_ENABLE_MODULES = YES;
				CLANG_ENABLE_OBJC_ARC = YES;
				CLANG_ENABLE_OBJC_WEAK = YES;
				CLANG_WARN_BLOCK_CAPTURE_AUTORELEASING = YES;
				CLANG_WARN_BOOL_CONVERSION = YES;
				CLANG_WARN_COMMA = YES;
				CLANG_WARN_CONSTANT_CONVERSION = YES;
				CLANG_WARN_DEPRECATED_OBJC_IMPLEMENTATIONS = YES;
				CLANG_WARN_DIRECT_OBJC_ISA_USAGE = YES_ERROR;
				CLANG_WARN_DOCUMENTATION_COMMENTS = YES;
				CLANG_WARN_EMPTY_BODY = YES;
				CLANG_WARN_ENUM_CONVERSION = YES;
				CLANG_WARN_INFINITE_RECURSION = YES;
				CLANG_WARN_INT_CONVERSION = YES;
				CLANG_WARN_NON_LITERAL_NULL_CONVERSION = YES;
				CLANG_WARN_OBJC_IMPLICIT_RETAIN_SELF = YES;
				CLANG_WARN_OBJC_LITERAL_CONVERSION = YES;
				CLANG_WARN_OBJC_ROOT_CLASS = YES_ERROR;
				CLANG_WARN_RANGE_LOOP_ANALYSIS = YES;
				CLANG_WARN_STRICT_PROTOTYPES = YES;
				CLANG_WARN_SUSPICIOUS_MOVE = YES;
				CLANG_WARN_UNGUARDED_AVAILABILITY = YES_AGGRESSIVE;
				CLANG_WARN_UNREACHABLE_CODE = YES;
				CLANG_WARN__DUPLICATE_METHOD_MATCH = YES;
				CODE_SIGN_IDENTITY = "iPhone Developer";
				COPY_PHASE_STRIP = NO;
				DEBUG_INFORMATION_FORMAT = "dwarf-with-dsym";
				ENABLE_NS_ASSERTIONS = NO;
				ENABLE_STRICT_OBJC_MSGSEND = YES;
				GCC_C_LANGUAGE_STANDARD = gnu11;
				GCC_NO_COMMON_BLOCKS = YES;
				GCC_WARN_64_TO_32_BIT_CONVERSION = YES;
				GCC_WARN_ABOUT_RETURN_TYPE = YES_ERROR;
				GCC_WARN_UNDECLARED_SELECTOR = YES;
				GCC_WARN_UNINITIALIZED_AUTOS = YES_AGGRESSIVE;
				GCC_WARN_UNUSED_FUNCTION = YES;
				GCC_WARN_UNUSED_VARIABLE = YES;
				IPHONEOS_DEPLOYMENT_TARGET = 11.3;
				MTL_ENABLE_DEBUG_INFO = NO;
				SDKROOT = iphoneos;
				SWIFT_COMPILATION_MODE = wholemodule;
				SWIFT_OPTIMIZATION_LEVEL = "-O";
				VALIDATE_PRODUCT = YES;
			};
			name = Release;
		};
		01E0010120724DDE00E44A62 /* Debug */ = {
			isa = XCBuildConfiguration;
			buildSettings = {
				ASSETCATALOG_COMPILER_APPICON_NAME = AppIcon;
				CODE_SIGN_STYLE = Automatic;
				DEVELOPMENT_TEAM = QXK2SWBXZ7;
				INFOPLIST_FILE = Cruve1/Info.plist;
				LD_RUNPATH_SEARCH_PATHS = (
					"$(inherited)",
					"@executable_path/Frameworks",
				);
				PRODUCT_BUNDLE_IDENTIFIER = com.DOLNw.Cruve1;
				PRODUCT_NAME = "$(TARGET_NAME)";
				SWIFT_VERSION = 4.0;
				TARGETED_DEVICE_FAMILY = "1,2";
			};
			name = Debug;
		};
		01E0010220724DDE00E44A62 /* Release */ = {
			isa = XCBuildConfiguration;
			buildSettings = {
				ASSETCATALOG_COMPILER_APPICON_NAME = AppIcon;
				CODE_SIGN_STYLE = Automatic;
				DEVELOPMENT_TEAM = QXK2SWBXZ7;
				INFOPLIST_FILE = Cruve1/Info.plist;
				LD_RUNPATH_SEARCH_PATHS = (
					"$(inherited)",
					"@executable_path/Frameworks",
				);
				PRODUCT_BUNDLE_IDENTIFIER = com.DOLNw.Cruve1;
				PRODUCT_NAME = "$(TARGET_NAME)";
				SWIFT_VERSION = 4.0;
				TARGETED_DEVICE_FAMILY = "1,2";
			};
			name = Release;
		};
/* End XCBuildConfiguration section */

/* Begin XCConfigurationList section */
		01E000E920724DDD00E44A62 /* Build configuration list for PBXProject "Cruve1" */ = {
			isa = XCConfigurationList;
			buildConfigurations = (
				01E000FE20724DDE00E44A62 /* Debug */,
				01E000FF20724DDE00E44A62 /* Release */,
			);
			defaultConfigurationIsVisible = 0;
			defaultConfigurationName = Release;
		};
		01E0010020724DDE00E44A62 /* Build configuration list for PBXNativeTarget "Cruve1" */ = {
			isa = XCConfigurationList;
			buildConfigurations = (
				01E0010120724DDE00E44A62 /* Debug */,
				01E0010220724DDE00E44A62 /* Release */,
			);
			defaultConfigurationIsVisible = 0;
			defaultConfigurationName = Release;
		};
/* End XCConfigurationList section */
	};
	rootObject = 01E000E620724DDD00E44A62 /* Project object */;
}
